
Microsoft Visual Studio Solution File, Format Version 12.00
Project("{FAE04EC0-301F-11D3-BF4B-00C04F79EFBC}") = "SeleniumTests", "SeleniumTests\SeleniumTests.csproj", "{093D1C89-CCE3-41EA-8F14-305917C26E90}"
EndProject
Project("{FAE04EC0-301F-11D3-BF4B-00C04F79EFBC}") = "PlaywrightTests", "PlaywrightTests\PlaywrightTests.csproj", "{032481C5-676E-48EC-8D8E-1AD45E286DD6}"
EndProject
Global
	GlobalSection(SolutionConfigurationPlatforms) = preSolution
		Debug|Any CPU = Debug|Any CPU
		Release|Any CPU = Release|Any CPU
	EndGlobalSection
	GlobalSection(ProjectConfigurationPlatforms) = postSolution
		{093D1C89-CCE3-41EA-8F14-305917C26E90}.Debug|Any CPU.ActiveCfg = Debug|Any CPU
		{093D1C89-CCE3-41EA-8F14-305917C26E90}.Debug|Any CPU.Build.0 = Debug|Any CPU
		{093D1C89-CCE3-41EA-8F14-305917C26E90}.Release|Any CPU.ActiveCfg = Release|Any CPU
		{093D1C89-CCE3-41EA-8F14-305917C26E90}.Release|Any CPU.Build.0 = Release|Any CPU
		{032481C5-676E-48EC-8D8E-1AD45E286DD6}.Debug|Any CPU.ActiveCfg = Debug|Any CPU
		{032481C5-676E-48EC-8D8E-1AD45E286DD6}.Debug|Any CPU.Build.0 = Debug|Any CPU
		{032481C5-676E-48EC-8D8E-1AD45E286DD6}.Release|Any CPU.ActiveCfg = Release|Any CPU
		{032481C5-676E-48EC-8D8E-1AD45E286DD6}.Release|Any CPU.Build.0 = Release|Any CPU
	EndGlobalSection
EndGlobal
